
Microsoft Visual Studio Solution File, Format Version 12.00
# Visual Studio Version 17
VisualStudioVersion = 17.6.33815.320
MinimumVisualStudioVersion = 10.0.40219.1
Project("{9A19103F-16F7-4668-BE54-9A1E7A4F7556}") = "TaskManagement.WebApi", "TaskManagement.WebApi\TaskManagement.WebApi.csproj", "{F805FB70-AA51-42BF-A5C8-1D598DD6BDC4}"
EndProject
Project("{9A19103F-16F7-4668-BE54-9A1E7A4F7556}") = "TaskManagement.Repository", "TaskManagement.Repository\TaskManagement.Repository.csproj", "{1CE1BA54-4E07-4671-AA48-4D516B11162F}"
EndProject
Project("{9A19103F-16F7-4668-BE54-9A1E7A4F7556}") = "TaskManagement.Model", "TaskManagement.Model\TaskManagement.Model.csproj", "{56315EB9-3AD0-4815-BE9A-751CAB1C7F8F}"
EndProject
Project("{9A19103F-16F7-4668-BE54-9A1E7A4F7556}") = "TaskManagement.Service", "TaskManagement.Service\TaskManagement.Service.csproj", "{0DEC6302-2A2B-4B5E-A0B5-293135B61E65}"
EndProject
Project("{9A19103F-16F7-4668-BE54-9A1E7A4F7556}") = "TaskManagement.Common", "TaskManagement.Common\TaskManagement.Common.csproj", "{06E392B6-0C51-48D9-9878-845506A78B91}"
EndProject
Project("{FAE04EC0-301F-11D3-BF4B-00C04F79EFBC}") = "TaskManagement.Scripts", "TaskManagement.Scripts\TaskManagement.Scripts.csproj", "{2816A19C-0A55-40D0-A77A-88DD2CDE1E5A}"
EndProject
Global
	GlobalSection(SolutionConfigurationPlatforms) = preSolution
		Debug|Any CPU = Debug|Any CPU
		Release|Any CPU = Release|Any CPU
	EndGlobalSection
	GlobalSection(ProjectConfigurationPlatforms) = postSolution
		{F805FB70-AA51-42BF-A5C8-1D598DD6BDC4}.Debug|Any CPU.ActiveCfg = Debug|Any CPU
		{F805FB70-AA51-42BF-A5C8-1D598DD6BDC4}.Debug|Any CPU.Build.0 = Debug|Any CPU
		{F805FB70-AA51-42BF-A5C8-1D598DD6BDC4}.Release|Any CPU.ActiveCfg = Release|Any CPU
		{F805FB70-AA51-42BF-A5C8-1D598DD6BDC4}.Release|Any CPU.Build.0 = Release|Any CPU
		{1CE1BA54-4E07-4671-AA48-4D516B11162F}.Debug|Any CPU.ActiveCfg = Debug|Any CPU
		{1CE1BA54-4E07-4671-AA48-4D516B11162F}.Debug|Any CPU.Build.0 = Debug|Any CPU
		{1CE1BA54-4E07-4671-AA48-4D516B11162F}.Release|Any CPU.ActiveCfg = Release|Any CPU
		{1CE1BA54-4E07-4671-AA48-4D516B11162F}.Release|Any CPU.Build.0 = Release|Any CPU
		{56315EB9-3AD0-4815-BE9A-751CAB1C7F8F}.Debug|Any CPU.ActiveCfg = Debug|Any CPU
		{56315EB9-3AD0-4815-BE9A-751CAB1C7F8F}.Debug|Any CPU.Build.0 = Debug|Any CPU
		{56315EB9-3AD0-4815-BE9A-751CAB1C7F8F}.Release|Any CPU.ActiveCfg = Release|Any CPU
		{56315EB9-3AD0-4815-BE9A-751CAB1C7F8F}.Release|Any CPU.Build.0 = Release|Any CPU
		{0DEC6302-2A2B-4B5E-A0B5-293135B61E65}.Debug|Any CPU.ActiveCfg = Debug|Any CPU
		{0DEC6302-2A2B-4B5E-A0B5-293135B61E65}.Debug|Any CPU.Build.0 = Debug|Any CPU
		{0DEC6302-2A2B-4B5E-A0B5-293135B61E65}.Release|Any CPU.ActiveCfg = Release|Any CPU
		{0DEC6302-2A2B-4B5E-A0B5-293135B61E65}.Release|Any CPU.Build.0 = Release|Any CPU
		{06E392B6-0C51-48D9-9878-845506A78B91}.Debug|Any CPU.ActiveCfg = Debug|Any CPU
		{06E392B6-0C51-48D9-9878-845506A78B91}.Debug|Any CPU.Build.0 = Debug|Any CPU
		{06E392B6-0C51-48D9-9878-845506A78B91}.Release|Any CPU.ActiveCfg = Release|Any CPU
		{06E392B6-0C51-48D9-9878-845506A78B91}.Release|Any CPU.Build.0 = Release|Any CPU
		{2816A19C-0A55-40D0-A77A-88DD2CDE1E5A}.Debug|Any CPU.ActiveCfg = Debug|Any CPU
		{2816A19C-0A55-40D0-A77A-88DD2CDE1E5A}.Debug|Any CPU.Build.0 = Debug|Any CPU
		{2816A19C-0A55-40D0-A77A-88DD2CDE1E5A}.Release|Any CPU.ActiveCfg = Release|Any CPU
		{2816A19C-0A55-40D0-A77A-88DD2CDE1E5A}.Release|Any CPU.Build.0 = Release|Any CPU
	EndGlobalSection
	GlobalSection(SolutionProperties) = preSolution
		HideSolutionNode = FALSE
	EndGlobalSection
	GlobalSection(ExtensibilityGlobals) = postSolution
		SolutionGuid = {5B6E579A-3BA5-4B89-93A6-B26864EA2CC1}
	EndGlobalSection
EndGlobal
